{
  "requires": true,
  "lockfileVersion": 1,
  "dependencies": {
    "react-native-device-number": {
      "version": "1.0.5",
      "resolved": "https://registry.npmjs.org/react-native-device-number/-/react-native-device-number-1.0.5.tgz",
      "integrity": "sha512-TjGGJz6m+odbotKONO71s8RieBxokYj5Nb7NSKhIW/xHxWzRfRwNFrneYOe13QhJ1D1rsUhRYDL7QBiw2TYRsw=="
    }
  }
}
